
Microsoft Visual Studio Solution File, Format Version 12.00
# Visual Studio Version 17
VisualStudioVersion = 17.5.002.0
MinimumVisualStudioVersion = 10.0.40219.1
Project("{9A19103F-16F7-4668-BE54-9A1E7A4F7556}") = "Day2", "Day2.csproj", "{3B7570CA-AA2A-46B9-8F0D-7BEE6C8F2256}"
EndProject
Global
	GlobalSection(SolutionConfigurationPlatforms) = preSolution
		Debug|Any CPU = Debug|Any CPU
		Release|Any CPU = Release|Any CPU
	EndGlobalSection
	GlobalSection(ProjectConfigurationPlatforms) = postSolution
		{3B7570CA-AA2A-46B9-8F0D-7BEE6C8F2256}.Debug|Any CPU.ActiveCfg = Debug|Any CPU
		{3B7570CA-AA2A-46B9-8F0D-7BEE6C8F2256}.Debug|Any CPU.Build.0 = Debug|Any CPU
		{3B7570CA-AA2A-46B9-8F0D-7BEE6C8F2256}.Release|Any CPU.ActiveCfg = Release|Any CPU
		{3B7570CA-AA2A-46B9-8F0D-7BEE6C8F2256}.Release|Any CPU.Build.0 = Release|Any CPU
	EndGlobalSection
	GlobalSection(SolutionProperties) = preSolution
		HideSolutionNode = FALSE
	EndGlobalSection
	GlobalSection(ExtensibilityGlobals) = postSolution
		SolutionGuid = {24B90C0B-BBA0-42E6-906C-C27C343DC527}
	EndGlobalSection
EndGlobal
